// !$*UTF8*$!
{
	archiveVersion = 1;
	classes = {
	};
	objectVersion = 55;
	objects = {

/* Begin PBXBuildFile section */
		1F12BA5B2986FA060006A773 /* AppDelegate.swift in Sources */ = {isa = PBXBuildFile; fileRef = 1F12BA5A2986FA060006A773 /* AppDelegate.swift */; };
		1F12BA5D2986FA060006A773 /* SceneDelegate.swift in Sources */ = {isa = PBXBuildFile; fileRef = 1F12BA5C2986FA060006A773 /* SceneDelegate.swift */; };
		1F12BA5F2986FA060006A773 /* ViewController.swift in Sources */ = {isa = PBXBuildFile; fileRef = 1F12BA5E2986FA060006A773 /* ViewController.swift */; };
		1F12BA622986FA060006A773 /* Main.storyboard in Resources */ = {isa = PBXBuildFile; fileRef = 1F12BA602986FA060006A773 /* Main.storyboard */; };
		1F12BA642986FA060006A773 /* Assets.xcassets in Resources */ = {isa = PBXBuildFile; fileRef = 1F12BA632986FA060006A773 /* Assets.xcassets */; };
		1F12BA672986FA060006A773 /* LaunchScreen.storyboard in Resources */ = {isa = PBXBuildFile; fileRef = 1F12BA652986FA060006A773 /* LaunchScreen.storyboard */; };
		1F12BA722987AB0C0006A773 /* MapController.swift in Sources */ = {isa = PBXBuildFile; fileRef = 1F12BA712987AB0C0006A773 /* MapController.swift */; };
		1F3E8BE92987B93500CFC3B2 /* BankProvider.swift in Sources */ = {isa = PBXBuildFile; fileRef = 1F3E8BE82987B93500CFC3B2 /* BankProvider.swift */; };
		1F3E8BEB2987B94100CFC3B2 /* BankModel.swift in Sources */ = {isa = PBXBuildFile; fileRef = 1F3E8BEA2987B94100CFC3B2 /* BankModel.swift */; };
		1F3E8BED2987B95900CFC3B2 /* BankAPI.swift in Sources */ = {isa = PBXBuildFile; fileRef = 1F3E8BEC2987B95900CFC3B2 /* BankAPI.swift */; };
		1F3E8BF22987CCCA00CFC3B2 /* MapCollectionViewCell.swift in Sources */ = {isa = PBXBuildFile; fileRef = 1F3E8BF02987CCCA00CFC3B2 /* MapCollectionViewCell.swift */; };
		1F3E8BF32987CCCA00CFC3B2 /* MapCollectionViewCell.xib in Resources */ = {isa = PBXBuildFile; fileRef = 1F3E8BF12987CCCA00CFC3B2 /* MapCollectionViewCell.xib */; };
		1FD7A77329891DE200CF03BC /* GemController.swift in Sources */ = {isa = PBXBuildFile; fileRef = 1FD7A77229891DE200CF03BC /* GemController.swift */; };
		1FD7A77629891DFA00CF03BC /* GemTableViewCell.swift in Sources */ = {isa = PBXBuildFile; fileRef = 1FD7A77429891DFA00CF03BC /* GemTableViewCell.swift */; };
		1FD7A77729891DFA00CF03BC /* GemTableViewCell.xib in Resources */ = {isa = PBXBuildFile; fileRef = 1FD7A77529891DFA00CF03BC /* GemTableViewCell.xib */; };
		7F8180C49B7F26430BDD4ED7 /* Pods_BelBankApp.framework in Frameworks */ = {isa = PBXBuildFile; fileRef = 71A5332AF7E2AAF9A678BA84 /* Pods_BelBankApp.framework */; };
/* End PBXBuildFile section */

/* Begin PBXFileReference section */
		1F12BA572986FA060006A773 /* BelBankApp.app */ = {isa = PBXFileReference; explicitFileType = wrapper.application; includeInIndex = 0; path = BelBankApp.app; sourceTree = BUILT_PRODUCTS_DIR; };
		1F12BA5A2986FA060006A773 /* AppDelegate.swift */ = {isa = PBXFileReference; lastKnownFileType = sourcecode.swift; path = AppDelegate.swift; sourceTree = "<group>"; };
		1F12BA5C2986FA060006A773 /* SceneDelegate.swift */ = {isa = PBXFileReference; lastKnownFileType = sourcecode.swift; path = SceneDelegate.swift; sourceTree = "<group>"; };
		1F12BA5E2986FA060006A773 /* ViewController.swift */ = {isa = PBXFileReference; lastKnownFileType = sourcecode.swift; path = ViewController.swift; sourceTree = "<group>"; };
		1F12BA612986FA060006A773 /* Base */ = {isa = PBXFileReference; lastKnownFileType = file.storyboard; name = Base; path = Base.lproj/Main.storyboard; sourceTree = "<group>"; };
		1F12BA632986FA060006A773 /* Assets.xcassets */ = {isa = PBXFileReference; lastKnownFileType = folder.assetcatalog; path = Assets.xcassets; sourceTree = "<group>"; };
		1F12BA662986FA060006A773 /* Base */ = {isa = PBXFileReference; lastKnownFileType = file.storyboard; name = Base; path = Base.lproj/LaunchScreen.storyboard; sourceTree = "<group>"; };
		1F12BA682986FA060006A773 /* Info.plist */ = {isa = PBXFileReference; lastKnownFileType = text.plist.xml; path = Info.plist; sourceTree = "<group>"; };
		1F12BA712987AB0C0006A773 /* MapController.swift */ = {isa = PBXFileReference; lastKnownFileType = sourcecode.swift; path = MapController.swift; sourceTree = "<group>"; };
		1F3E8BE82987B93500CFC3B2 /* BankProvider.swift */ = {isa = PBXFileReference; lastKnownFileType = sourcecode.swift; path = BankProvider.swift; sourceTree = "<group>"; };
		1F3E8BEA2987B94100CFC3B2 /* BankModel.swift */ = {isa = PBXFileReference; lastKnownFileType = sourcecode.swift; path = BankModel.swift; sourceTree = "<group>"; };
		1F3E8BEC2987B95900CFC3B2 /* BankAPI.swift */ = {isa = PBXFileReference; lastKnownFileType = sourcecode.swift; path = BankAPI.swift; sourceTree = "<group>"; };
		1F3E8BF02987CCCA00CFC3B2 /* MapCollectionViewCell.swift */ = {isa = PBXFileReference; lastKnownFileType = sourcecode.swift; path = MapCollectionViewCell.swift; sourceTree = "<group>"; };
		1F3E8BF12987CCCA00CFC3B2 /* MapCollectionViewCell.xib */ = {isa = PBXFileReference; lastKnownFileType = file.xib; path = MapCollectionViewCell.xib; sourceTree = "<group>"; };
		1FD7A77229891DE200CF03BC /* GemController.swift */ = {isa = PBXFileReference; lastKnownFileType = sourcecode.swift; path = GemController.swift; sourceTree = "<group>"; };
		1FD7A77429891DFA00CF03BC /* GemTableViewCell.swift */ = {isa = PBXFileReference; lastKnownFileType = sourcecode.swift; path = GemTableViewCell.swift; sourceTree = "<group>"; };
		1FD7A77529891DFA00CF03BC /* GemTableViewCell.xib */ = {isa = PBXFileReference; lastKnownFileType = file.xib; path = GemTableViewCell.xib; sourceTree = "<group>"; };
		2AFD4D3E732B8DAF3CFB6244 /* Pods-BelBankApp.release.xcconfig */ = {isa = PBXFileReference; includeInIndex = 1; lastKnownFileType = text.xcconfig; name = "Pods-BelBankApp.release.xcconfig"; path = "Target Support Files/Pods-BelBankApp/Pods-BelBankApp.release.xcconfig"; sourceTree = "<group>"; };
		71A5332AF7E2AAF9A678BA84 /* Pods_BelBankApp.framework */ = {isa = PBXFileReference; explicitFileType = wrapper.framework; includeInIndex = 0; path = Pods_BelBankApp.framework; sourceTree = BUILT_PRODUCTS_DIR; };
		B9D20DFD86F99A6126704435 /* Pods-BelBankApp.debug.xcconfig */ = {isa = PBXFileReference; includeInIndex = 1; lastKnownFileType = text.xcconfig; name = "Pods-BelBankApp.debug.xcconfig"; path = "Target Support Files/Pods-BelBankApp/Pods-BelBankApp.debug.xcconfig"; sourceTree = "<group>"; };
/* End PBXFileReference section */

/* Begin PBXFrameworksBuildPhase section */
		1F12BA542986FA060006A773 /* Frameworks */ = {
			isa = PBXFrameworksBuildPhase;
			buildActionMask = 2147483647;
			files = (
				7F8180C49B7F26430BDD4ED7 /* Pods_BelBankApp.framework in Frameworks */,
			);
			runOnlyForDeploymentPostprocessing = 0;
		};
/* End PBXFrameworksBuildPhase section */

/* Begin PBXGroup section */
		1F12BA4E2986FA060006A773 = {
			isa = PBXGroup;
			children = (
				1F12BA592986FA060006A773 /* BelBankApp */,
				1F12BA582986FA060006A773 /* Products */,
				BA4CAAEBCFA6F936668934CB /* Pods */,
				71841A43F3032E97BA66A695 /* Frameworks */,
			);
			sourceTree = "<group>";
		};
		1F12BA582986FA060006A773 /* Products */ = {
			isa = PBXGroup;
			children = (
				1F12BA572986FA060006A773 /* BelBankApp.app */,
			);
			name = Products;
			sourceTree = "<group>";
		};
		1F12BA592986FA060006A773 /* BelBankApp */ = {
			isa = PBXGroup;
			children = (
				1F3E8BEE2987CC9F00CFC3B2 /* Cells */,
				1F12BA6E2987AAA50006A773 /* Controllers */,
				1F12BA5A2986FA060006A773 /* AppDelegate.swift */,
				1F12BA5C2986FA060006A773 /* SceneDelegate.swift */,
				1F12BA5E2986FA060006A773 /* ViewController.swift */,
				1F12BA602986FA060006A773 /* Main.storyboard */,
				1F12BA632986FA060006A773 /* Assets.xcassets */,
				1F12BA652986FA060006A773 /* LaunchScreen.storyboard */,
				1F12BA682986FA060006A773 /* Info.plist */,
				1F3E8BEC2987B95900CFC3B2 /* BankAPI.swift */,
				1F3E8BE82987B93500CFC3B2 /* BankProvider.swift */,
				1F3E8BEA2987B94100CFC3B2 /* BankModel.swift */,
			);
			path = BelBankApp;
			sourceTree = "<group>";
		};
		1F12BA6E2987AAA50006A773 /* Controllers */ = {
			isa = PBXGroup;
			children = (
				1F12BA712987AB0C0006A773 /* MapController.swift */,
				1FD7A77229891DE200CF03BC /* GemController.swift */,
			);
			path = Controllers;
			sourceTree = "<group>";
		};
		1F3E8BEE2987CC9F00CFC3B2 /* Cells */ = {
			isa = PBXGroup;
			children = (
				1FD7A77129891DBD00CF03BC /* GemCell */,
				1F3E8BEF2987CCAC00CFC3B2 /* MapCell */,
			);
			path = Cells;
			sourceTree = "<group>";
		};
		1F3E8BEF2987CCAC00CFC3B2 /* MapCell */ = {
			isa = PBXGroup;
			children = (
				1F3E8BF02987CCCA00CFC3B2 /* MapCollectionViewCell.swift */,
				1F3E8BF12987CCCA00CFC3B2 /* MapCollectionViewCell.xib */,
			);
			path = MapCell;
			sourceTree = "<group>";
		};
		1FD7A77129891DBD00CF03BC /* GemCell */ = {
			isa = PBXGroup;
			children = (
				1FD7A77429891DFA00CF03BC /* GemTableViewCell.swift */,
				1FD7A77529891DFA00CF03BC /* GemTableViewCell.xib */,
			);
			path = GemCell;
			sourceTree = "<group>";
		};
		71841A43F3032E97BA66A695 /* Frameworks */ = {
			isa = PBXGroup;
			children = (
				71A5332AF7E2AAF9A678BA84 /* Pods_BelBankApp.framework */,
			);
			name = Frameworks;
			sourceTree = "<group>";
		};
		BA4CAAEBCFA6F936668934CB /* Pods */ = {
			isa = PBXGroup;
			children = (
				B9D20DFD86F99A6126704435 /* Pods-BelBankApp.debug.xcconfig */,
				2AFD4D3E732B8DAF3CFB6244 /* Pods-BelBankApp.release.xcconfig */,
			);
			path = Pods;
			sourceTree = "<group>";
		};
/* End PBXGroup section */

/* Begin PBXNativeTarget section */
		1F12BA562986FA060006A773 /* BelBankApp */ = {
			isa = PBXNativeTarget;
			buildConfigurationList = 1F12BA6B2986FA060006A773 /* Build configuration list for PBXNativeTarget "BelBankApp" */;
			buildPhases = (
				286C6F8A31852B8E10D379E5 /* [CP] Check Pods Manifest.lock */,
				1F12BA532986FA060006A773 /* Sources */,
				1F12BA542986FA060006A773 /* Frameworks */,
				1F12BA552986FA060006A773 /* Resources */,
				968FC6172808E4CE4C007F43 /* [CP] Embed Pods Frameworks */,
				BD610B65544BF3D6CF128361 /* [CP] Copy Pods Resources */,
			);
			buildRules = (
			);
			dependencies = (
			);
			name = BelBankApp;
			productName = BelBankApp;
			productReference = 1F12BA572986FA060006A773 /* BelBankApp.app */;
			productType = "com.apple.product-type.application";
		};
/* End PBXNativeTarget section */

/* Begin PBXProject section */
		1F12BA4F2986FA060006A773 /* Project object */ = {
			isa = PBXProject;
			attributes = {
				BuildIndependentTargetsInParallel = 1;
				LastSwiftUpdateCheck = 1420;
				LastUpgradeCheck = 1420;
				TargetAttributes = {
					1F12BA562986FA060006A773 = {
						CreatedOnToolsVersion = 14.2;
					};
				};
			};
			buildConfigurationList = 1F12BA522986FA060006A773 /* Build configuration list for PBXProject "BelBankApp" */;
			compatibilityVersion = "Xcode 13.0";
			developmentRegion = en;
			hasScannedForEncodings = 0;
			knownRegions = (
				en,
				Base,
			);
			mainGroup = 1F12BA4E2986FA060006A773;
			productRefGroup = 1F12BA582986FA060006A773 /* Products */;
			projectDirPath = "";
			projectRoot = "";
			targets = (
				1F12BA562986FA060006A773 /* BelBankApp */,
			);
		};
/* End PBXProject section */

/* Begin PBXResourcesBuildPhase section */
		1F12BA552986FA060006A773 /* Resources */ = {
			isa = PBXResourcesBuildPhase;
			buildActionMask = 2147483647;
			files = (
				1F12BA672986FA060006A773 /* LaunchScreen.storyboard in Resources */,
				1F12BA642986FA060006A773 /* Assets.xcassets in Resources */,
				1F12BA622986FA060006A773 /* Main.storyboard in Resources */,
				1FD7A77729891DFA00CF03BC /* GemTableViewCell.xib in Resources */,
				1F3E8BF32987CCCA00CFC3B2 /* MapCollectionViewCell.xib in Resources */,
			);
			runOnlyForDeploymentPostprocessing = 0;
		};
/* End PBXResourcesBuildPhase section */

/* Begin PBXShellScriptBuildPhase section */
		286C6F8A31852B8E10D379E5 /* [CP] Check Pods Manifest.lock */ = {
			isa = PBXShellScriptBuildPhase;
			buildActionMask = 2147483647;
			files = (
			);
			inputFileListPaths = (
			);
			inputPaths = (
				"${PODS_PODFILE_DIR_PATH}/Podfile.lock",
				"${PODS_ROOT}/Manifest.lock",
			);
			name = "[CP] Check Pods Manifest.lock";
			outputFileListPaths = (
			);
			outputPaths = (
				"$(DERIVED_FILE_DIR)/Pods-BelBankApp-checkManifestLockResult.txt",
			);
			runOnlyForDeploymentPostprocessing = 0;
			shellPath = /bin/sh;
			shellScript = "diff \"${PODS_PODFILE_DIR_PATH}/Podfile.lock\" \"${PODS_ROOT}/Manifest.lock\" > /dev/null\nif [ $? != 0 ] ; then\n    # print error to STDERR\n    echo \"error: The sandbox is not in sync with the Podfile.lock. Run 'pod install' or update your CocoaPods installation.\" >&2\n    exit 1\nfi\n# This output is used by Xcode 'outputs' to avoid re-running this script phase.\necho \"SUCCESS\" > \"${SCRIPT_OUTPUT_FILE_0}\"\n";
			showEnvVarsInLog = 0;
		};
		968FC6172808E4CE4C007F43 /* [CP] Embed Pods Frameworks */ = {
			isa = PBXShellScriptBuildPhase;
			buildActionMask = 2147483647;
			files = (
			);
			inputFileListPaths = (
				"${PODS_ROOT}/Target Support Files/Pods-BelBankApp/Pods-BelBankApp-frameworks-${CONFIGURATION}-input-files.xcfilelist",
			);
			name = "[CP] Embed Pods Frameworks";
			outputFileListPaths = (
				"${PODS_ROOT}/Target Support Files/Pods-BelBankApp/Pods-BelBankApp-frameworks-${CONFIGURATION}-output-files.xcfilelist",
			);
			runOnlyForDeploymentPostprocessing = 0;
			shellPath = /bin/sh;
			shellScript = "\"${PODS_ROOT}/Target Support Files/Pods-BelBankApp/Pods-BelBankApp-frameworks.sh\"\n";
			showEnvVarsInLog = 0;
		};
		BD610B65544BF3D6CF128361 /* [CP] Copy Pods Resources */ = {
			isa = PBXShellScriptBuildPhase;
			buildActionMask = 2147483647;
			files = (
			);
			inputFileListPaths = (
				"${PODS_ROOT}/Target Support Files/Pods-BelBankApp/Pods-BelBankApp-resources-${CONFIGURATION}-input-files.xcfilelist",
			);
			name = "[CP] Copy Pods Resources";
			outputFileListPaths = (
				"${PODS_ROOT}/Target Support Files/Pods-BelBankApp/Pods-BelBankApp-resources-${CONFIGURATION}-output-files.xcfilelist",
			);
			runOnlyForDeploymentPostprocessing = 0;
			shellPath = /bin/sh;
			shellScript = "\"${PODS_ROOT}/Target Support Files/Pods-BelBankApp/Pods-BelBankApp-resources.sh\"\n";
			showEnvVarsInLog = 0;
		};
/* End PBXShellScriptBuildPhase section */

/* Begin PBXSourcesBuildPhase section */
		1F12BA532986FA060006A773 /* Sources */ = {
			isa = PBXSourcesBuildPhase;
			buildActionMask = 2147483647;
			files = (
				1F12BA722987AB0C0006A773 /* MapController.swift in Sources */,
				1F3E8BEB2987B94100CFC3B2 /* BankModel.swift in Sources */,
				1F3E8BE92987B93500CFC3B2 /* BankProvider.swift in Sources */,
				1F3E8BF22987CCCA00CFC3B2 /* MapCollectionViewCell.swift in Sources */,
				1F12BA5F2986FA060006A773 /* ViewController.swift in Sources */,
				1FD7A77329891DE200CF03BC /* GemController.swift in Sources */,
				1F12BA5B2986FA060006A773 /* AppDelegate.swift in Sources */,
				1F12BA5D2986FA060006A773 /* SceneDelegate.swift in Sources */,
				1F3E8BED2987B95900CFC3B2 /* BankAPI.swift in Sources */,
				1FD7A77629891DFA00CF03BC /* GemTableViewCell.swift in Sources */,
			);
			runOnlyForDeploymentPostprocessing = 0;
		};
/* End PBXSourcesBuildPhase section */

/* Begin PBXVariantGroup section */
		1F12BA602986FA060006A773 /* Main.storyboard */ = {
			isa = PBXVariantGroup;
			children = (
				1F12BA612986FA060006A773 /* Base */,
			);
			name = Main.storyboard;
			sourceTree = "<group>";
		};
		1F12BA652986FA060006A773 /* LaunchScreen.storyboard */ = {
			isa = PBXVariantGroup;
			children = (
				1F12BA662986FA060006A773 /* Base */,
			);
			name = LaunchScreen.storyboard;
			sourceTree = "<group>";
		};
/* End PBXVariantGroup section */

/* Begin XCBuildConfiguration section */
		1F12BA692986FA060006A773 /* Debug */ = {
			isa = XCBuildConfiguration;
			buildSettings = {
				ALWAYS_SEARCH_USER_PATHS = NO;
				CLANG_ANALYZER_NONNULL = YES;
				CLANG_ANALYZER_NUMBER_OBJECT_CONVERSION = YES_AGGRESSIVE;
				CLANG_CXX_LANGUAGE_STANDARD = "gnu++20";
				CLANG_ENABLE_MODULES = YES;
				CLANG_ENABLE_OBJC_ARC = YES;
				CLANG_ENABLE_OBJC_WEAK = YES;
				CLANG_WARN_BLOCK_CAPTURE_AUTORELEASING = YES;
				CLANG_WARN_BOOL_CONVERSION = YES;
				CLANG_WARN_COMMA = YES;
				CLANG_WARN_CONSTANT_CONVERSION = YES;
				CLANG_WARN_DEPRECATED_OBJC_IMPLEMENTATIONS = YES;
				CLANG_WARN_DIRECT_OBJC_ISA_USAGE = YES_ERROR;
				CLANG_WARN_DOCUMENTATION_COMMENTS = YES;
				CLANG_WARN_EMPTY_BODY = YES;
				CLANG_WARN_ENUM_CONVERSION = YES;
				CLANG_WARN_INFINITE_RECURSION = YES;
				CLANG_WARN_INT_CONVERSION = YES;
				CLANG_WARN_NON_LITERAL_NULL_CONVERSION = YES;
				CLANG_WARN_OBJC_IMPLICIT_RETAIN_SELF = YES;
				CLANG_WARN_OBJC_LITERAL_CONVERSION = YES;
				CLANG_WARN_OBJC_ROOT_CLASS = YES_ERROR;
				CLANG_WARN_QUOTED_INCLUDE_IN_FRAMEWORK_HEADER = YES;
				CLANG_WARN_RANGE_LOOP_ANALYSIS = YES;
				CLANG_WARN_STRICT_PROTOTYPES = YES;
				CLANG_WARN_SUSPICIOUS_MOVE = YES;
				CLANG_WARN_UNGUARDED_AVAILABILITY = YES_AGGRESSIVE;
				CLANG_WARN_UNREACHABLE_CODE = YES;
				CLANG_WARN__DUPLICATE_METHOD_MATCH = YES;
				COPY_PHASE_STRIP = NO;
				DEBUG_INFORMATION_FORMAT = dwarf;
				ENABLE_STRICT_OBJC_MSGSEND = YES;
				ENABLE_TESTABILITY = YES;
				GCC_C_LANGUAGE_STANDARD = gnu11;
				GCC_DYNAMIC_NO_PIC = NO;
				GCC_NO_COMMON_BLOCKS = YES;
				GCC_OPTIMIZATION_LEVEL = 0;
				GCC_PREPROCESSOR_DEFINITIONS = (
					"DEBUG=1",
					"$(inherited)",
				);
				GCC_WARN_64_TO_32_BIT_CONVERSION = YES;
				GCC_WARN_ABOUT_RETURN_TYPE = YES_ERROR;
				GCC_WARN_UNDECLARED_SELECTOR = YES;
				GCC_WARN_UNINITIALIZED_AUTOS = YES_AGGRESSIVE;
				GCC_WARN_UNUSED_FUNCTION = YES;
				GCC_WARN_UNUSED_VARIABLE = YES;
				IPHONEOS_DEPLOYMENT_TARGET = 16.2;
				MTL_ENABLE_DEBUG_INFO = INCLUDE_SOURCE;
				MTL_FAST_MATH = YES;
				ONLY_ACTIVE_ARCH = YES;
				SDKROOT = iphoneos;
				SWIFT_ACTIVE_COMPILATION_CONDITIONS = DEBUG;
				SWIFT_OPTIMIZATION_LEVEL = "-Onone";
			};
			name = Debug;
		};
		1F12BA6A2986FA060006A773 /* Release */ = {
			isa = XCBuildConfiguration;
			buildSettings = {
				ALWAYS_SEARCH_USER_PATHS = NO;
				CLANG_ANALYZER_NONNULL = YES;
				CLANG_ANALYZER_NUMBER_OBJECT_CONVERSION = YES_AGGRESSIVE;
				CLANG_CXX_LANGUAGE_STANDARD = "gnu++20";
				CLANG_ENABLE_MODULES = YES;
				CLANG_ENABLE_OBJC_ARC = YES;
				CLANG_ENABLE_OBJC_WEAK = YES;
				CLANG_WARN_BLOCK_CAPTURE_AUTORELEASING = YES;
				CLANG_WARN_BOOL_CONVERSION = YES;
				CLANG_WARN_COMMA = YES;
				CLANG_WARN_CONSTANT_CONVERSION = YES;
				CLANG_WARN_DEPRECATED_OBJC_IMPLEMENTATIONS = YES;
				CLANG_WARN_DIRECT_OBJC_ISA_USAGE = YES_ERROR;
				CLANG_WARN_DOCUMENTATION_COMMENTS = YES;
				CLANG_WARN_EMPTY_BODY = YES;
				CLANG_WARN_ENUM_CONVERSION = YES;
				CLANG_WARN_INFINITE_RECURSION = YES;
				CLANG_WARN_INT_CONVERSION = YES;
				CLANG_WARN_NON_LITERAL_NULL_CONVERSION = YES;
				CLANG_WARN_OBJC_IMPLICIT_RETAIN_SELF = YES;
				CLANG_WARN_OBJC_LITERAL_CONVERSION = YES;
				CLANG_WARN_OBJC_ROOT_CLASS = YES_ERROR;
				CLANG_WARN_QUOTED_INCLUDE_IN_FRAMEWORK_HEADER = YES;
				CLANG_WARN_RANGE_LOOP_ANALYSIS = YES;
				CLANG_WARN_STRICT_PROTOTYPES = YES;
				CLANG_WARN_SUSPICIOUS_MOVE = YES;
				CLANG_WARN_UNGUARDED_AVAILABILITY = YES_AGGRESSIVE;
				CLANG_WARN_UNREACHABLE_CODE = YES;
				CLANG_WARN__DUPLICATE_METHOD_MATCH = YES;
				COPY_PHASE_STRIP = NO;
				DEBUG_INFORMATION_FORMAT = "dwarf-with-dsym";
				ENABLE_NS_ASSERTIONS = NO;
				ENABLE_STRICT_OBJC_MSGSEND = YES;
				GCC_C_LANGUAGE_STANDARD = gnu11;
				GCC_NO_COMMON_BLOCKS = YES;
				GCC_WARN_64_TO_32_BIT_CONVERSION = YES;
				GCC_WARN_ABOUT_RETURN_TYPE = YES_ERROR;
				GCC_WARN_UNDECLARED_SELECTOR = YES;
				GCC_WARN_UNINITIALIZED_AUTOS = YES_AGGRESSIVE;
				GCC_WARN_UNUSED_FUNCTION = YES;
				GCC_WARN_UNUSED_VARIABLE = YES;
				IPHONEOS_DEPLOYMENT_TARGET = 16.2;
				MTL_ENABLE_DEBUG_INFO = NO;
				MTL_FAST_MATH = YES;
				SDKROOT = iphoneos;
				SWIFT_COMPILATION_MODE = wholemodule;
				SWIFT_OPTIMIZATION_LEVEL = "-O";
				VALIDATE_PRODUCT = YES;
			};
			name = Release;
		};
		1F12BA6C2986FA060006A773 /* Debug */ = {
			isa = XCBuildConfiguration;
			baseConfigurationReference = B9D20DFD86F99A6126704435 /* Pods-BelBankApp.debug.xcconfig */;
			buildSettings = {
				ASSETCATALOG_COMPILER_APPICON_NAME = AppIcon;
				ASSETCATALOG_COMPILER_GLOBAL_ACCENT_COLOR_NAME = AccentColor;
				CODE_SIGN_STYLE = Automatic;
				CURRENT_PROJECT_VERSION = 1;
				DEVELOPMENT_TEAM = 46WGSYKGFT;
				GENERATE_INFOPLIST_FILE = YES;
				INFOPLIST_FILE = BelBankApp/Info.plist;
				INFOPLIST_KEY_UIApplicationSupportsIndirectInputEvents = YES;
				INFOPLIST_KEY_UILaunchStoryboardName = LaunchScreen;
				INFOPLIST_KEY_UIMainStoryboardFile = Main;
				INFOPLIST_KEY_UISupportedInterfaceOrientations_iPad = "UIInterfaceOrientationPortrait UIInterfaceOrientationPortraitUpsideDown UIInterfaceOrientationLandscapeLeft UIInterfaceOrientationLandscapeRight";
				INFOPLIST_KEY_UISupportedInterfaceOrientations_iPhone = "UIInterfaceOrientationPortrait UIInterfaceOrientationLandscapeLeft UIInterfaceOrientationLandscapeRight";
				LD_RUNPATH_SEARCH_PATHS = (
					"$(inherited)",
					"@executable_path/Frameworks",
				);
				MARKETING_VERSION = 1.0;
				PRODUCT_BUNDLE_IDENTIFIER = by.byby.BelBankApp;
				PRODUCT_NAME = "$(TARGET_NAME)";
				SWIFT_EMIT_LOC_STRINGS = YES;
				SWIFT_VERSION = 5.0;
				TARGETED_DEVICE_FAMILY = "1,2";
			};
			name = Debug;
		};
		1F12BA6D2986FA060006A773 /* Release */ = {
			isa = XCBuildConfiguration;
			baseConfigurationReference = 2AFD4D3E732B8DAF3CFB6244 /* Pods-BelBankApp.release.xcconfig */;
			buildSettings = {
				ASSETCATALOG_COMPILER_APPICON_NAME = AppIcon;
				ASSETCATALOG_COMPILER_GLOBAL_ACCENT_COLOR_NAME = AccentColor;
				CODE_SIGN_STYLE = Automatic;
				CURRENT_PROJECT_VERSION = 1;
				DEVELOPMENT_TEAM = 46WGSYKGFT;
				GENERATE_INFOPLIST_FILE = YES;
				INFOPLIST_FILE = BelBankApp/Info.plist;
				INFOPLIST_KEY_UIApplicationSupportsIndirectInputEvents = YES;
				INFOPLIST_KEY_UILaunchStoryboardName = LaunchScreen;
				INFOPLIST_KEY_UIMainStoryboardFile = Main;
				INFOPLIST_KEY_UISupportedInterfaceOrientations_iPad = "UIInterfaceOrientationPortrait UIInterfaceOrientationPortraitUpsideDown UIInterfaceOrientationLandscapeLeft UIInterfaceOrientationLandscapeRight";
				INFOPLIST_KEY_UISupportedInterfaceOrientations_iPhone = "UIInterfaceOrientationPortrait UIInterfaceOrientationLandscapeLeft UIInterfaceOrientationLandscapeRight";
				LD_RUNPATH_SEARCH_PATHS = (
					"$(inherited)",
					"@executable_path/Frameworks",
				);
				MARKETING_VERSION = 1.0;
				PRODUCT_BUNDLE_IDENTIFIER = by.byby.BelBankApp;
				PRODUCT_NAME = "$(TARGET_NAME)";
				SWIFT_EMIT_LOC_STRINGS = YES;
				SWIFT_VERSION = 5.0;
				TARGETED_DEVICE_FAMILY = "1,2";
			};
			name = Release;
		};
/* End XCBuildConfiguration section */

/* Begin XCConfigurationList section */
		1F12BA522986FA060006A773 /* Build configuration list for PBXProject "BelBankApp" */ = {
			isa = XCConfigurationList;
			buildConfigurations = (
				1F12BA692986FA060006A773 /* Debug */,
				1F12BA6A2986FA060006A773 /* Release */,
			);
			defaultConfigurationIsVisible = 0;
			defaultConfigurationName = Release;
		};
		1F12BA6B2986FA060006A773 /* Build configuration list for PBXNativeTarget "BelBankApp" */ = {
			isa = XCConfigurationList;
			buildConfigurations = (
				1F12BA6C2986FA060006A773 /* Debug */,
				1F12BA6D2986FA060006A773 /* Release */,
			);
			defaultConfigurationIsVisible = 0;
			defaultConfigurationName = Release;
		};
/* End XCConfigurationList section */
	};
	rootObject = 1F12BA4F2986FA060006A773 /* Project object */;
}
